
Microsoft Visual Studio Solution File, Format Version 12.00
# Visual Studio 15
VisualStudioVersion = 15.0.27130.2010
MinimumVisualStudioVersion = 10.0.40219.1
Project("{FAE04EC0-301F-11D3-BF4B-00C04F79EFBC}") = "HomeworkProblems", "HomeworkProblems\HomeworkProblems.csproj", "{4B24C5C1-2796-4A48-9E3B-CAF8E8A3712E}"
EndProject
Global
	GlobalSection(SolutionConfigurationPlatforms) = preSolution
		Debug|Any CPU = Debug|Any CPU
		Release|Any CPU = Release|Any CPU
	EndGlobalSection
	GlobalSection(ProjectConfigurationPlatforms) = postSolution
		{4B24C5C1-2796-4A48-9E3B-CAF8E8A3712E}.Debug|Any CPU.ActiveCfg = Debug|Any CPU
		{4B24C5C1-2796-4A48-9E3B-CAF8E8A3712E}.Debug|Any CPU.Build.0 = Debug|Any CPU
		{4B24C5C1-2796-4A48-9E3B-CAF8E8A3712E}.Release|Any CPU.ActiveCfg = Release|Any CPU
		{4B24C5C1-2796-4A48-9E3B-CAF8E8A3712E}.Release|Any CPU.Build.0 = Release|Any CPU
	EndGlobalSection
	GlobalSection(SolutionProperties) = preSolution
		HideSolutionNode = FALSE
	EndGlobalSection
	GlobalSection(ExtensibilityGlobals) = postSolution
		SolutionGuid = {2CA642D6-FBD6-4CFC-8697-3C725D8B5D52}
	EndGlobalSection
EndGlobal
